// !$*UTF8*$!
{
	archiveVersion = 1;
	classes = {
	};
	objectVersion = 46;
	objects = {

/* Begin PBXBuildFile section */
		0187D72A16483DF1000FEB56 /* Cocoa.framework in Frameworks */ = {isa = PBXBuildFile; fileRef = 0187D72916483DF1000FEB56 /* Cocoa.framework */; };
		0187D73D16483DF1000FEB56 /* PWDocument.m in Sources */ = {isa = PBXBuildFile; fileRef = 0187D73C16483DF1000FEB56 /* PWDocument.m */; };
		A416E9CC1652A2BA003AE9FD /* main.m in Sources */ = {isa = PBXBuildFile; fileRef = A416E9CB1652A2BA003AE9FD /* main.m */; };
		A4311C711652DF5D00683849 /* Find original here.webloc in Resources */ = {isa = PBXBuildFile; fileRef = A4311C661652DF5D00683849 /* Find original here.webloc */; };
		A4311C721652DF5D00683849 /* JRSwizzle.m in Sources */ = {isa = PBXBuildFile; fileRef = A4311C681652DF5D00683849 /* JRSwizzle.m */; };
		A4311C731652DF5D00683849 /* README.markdown in Resources */ = {isa = PBXBuildFile; fileRef = A4311C691652DF5D00683849 /* README.markdown */; };
		A4D5AF801652CA3300FABD5D /* InfoPlist.strings in Resources */ = {isa = PBXBuildFile; fileRef = A4D5AF7A1652CA3300FABD5D /* InfoPlist.strings */; };
		A4D5AF811652CA3300FABD5D /* MainMenu.xib in Resources */ = {isa = PBXBuildFile; fileRef = A4D5AF7C1652CA3300FABD5D /* MainMenu.xib */; };
		A4D5AF821652CA3300FABD5D /* PWDocument.xib in Resources */ = {isa = PBXBuildFile; fileRef = A4D5AF7E1652CA3300FABD5D /* PWDocument.xib */; };
		BCE2B34419DEA63E00621691 /* NSLayoutConstraint+PWExtensions.m in Sources */ = {isa = PBXBuildFile; fileRef = BCE2B34119DEA63E00621691 /* NSLayoutConstraint+PWExtensions.m */; };
		BCE2B34519DEA63E00621691 /* PWView+PWExtensions.m in Sources */ = {isa = PBXBuildFile; fileRef = BCE2B34219DEA63E00621691 /* PWView+PWExtensions.m */; };
/* End PBXBuildFile section */

/* Begin PBXFileReference section */
		0187D72516483DF1000FEB56 /* AutolayoutExtensions.app */ = {isa = PBXFileReference; explicitFileType = wrapper.application; includeInIndex = 0; path = AutolayoutExtensions.app; sourceTree = BUILT_PRODUCTS_DIR; };
		0187D72916483DF1000FEB56 /* Cocoa.framework */ = {isa = PBXFileReference; lastKnownFileType = wrapper.framework; name = Cocoa.framework; path = System/Library/Frameworks/Cocoa.framework; sourceTree = SDKROOT; };
		0187D72C16483DF1000FEB56 /* AppKit.framework */ = {isa = PBXFileReference; lastKnownFileType = wrapper.framework; name = AppKit.framework; path = System/Library/Frameworks/AppKit.framework; sourceTree = SDKROOT; };
		0187D72D16483DF1000FEB56 /* CoreData.framework */ = {isa = PBXFileReference; lastKnownFileType = wrapper.framework; name = CoreData.framework; path = System/Library/Frameworks/CoreData.framework; sourceTree = SDKROOT; };
		0187D72E16483DF1000FEB56 /* Foundation.framework */ = {isa = PBXFileReference; lastKnownFileType = wrapper.framework; name = Foundation.framework; path = System/Library/Frameworks/Foundation.framework; sourceTree = SDKROOT; };
		0187D73116483DF1000FEB56 /* AutolayoutExtensions-Info.plist */ = {isa = PBXFileReference; lastKnownFileType = text.plist.xml; name = "AutolayoutExtensions-Info.plist"; path = "../Demo-OSX/AutolayoutExtensions-Info.plist"; sourceTree = "<group>"; };
		0187D73716483DF1000FEB56 /* AutolayoutExtensions-Prefix.pch */ = {isa = PBXFileReference; lastKnownFileType = sourcecode.c.h; name = "AutolayoutExtensions-Prefix.pch"; path = "../Demo-OSX/AutolayoutExtensions-Prefix.pch"; sourceTree = "<group>"; };
		0187D73B16483DF1000FEB56 /* PWDocument.h */ = {isa = PBXFileReference; lastKnownFileType = sourcecode.c.h; path = PWDocument.h; sourceTree = "<group>"; };
		0187D73C16483DF1000FEB56 /* PWDocument.m */ = {isa = PBXFileReference; lastKnownFileType = sourcecode.c.objc; path = PWDocument.m; sourceTree = "<group>"; };
		A416E9CB1652A2BA003AE9FD /* main.m */ = {isa = PBXFileReference; fileEncoding = 4; lastKnownFileType = sourcecode.c.objc; name = main.m; path = "Demo-OSX/main.m"; sourceTree = SOURCE_ROOT; };
		A4311C661652DF5D00683849 /* Find original here.webloc */ = {isa = PBXFileReference; lastKnownFileType = file.bplist; path = "Find original here.webloc"; sourceTree = "<group>"; };
		A4311C671652DF5D00683849 /* JRSwizzle.h */ = {isa = PBXFileReference; fileEncoding = 4; lastKnownFileType = sourcecode.c.h; path = JRSwizzle.h; sourceTree = "<group>"; };
		A4311C681652DF5D00683849 /* JRSwizzle.m */ = {isa = PBXFileReference; fileEncoding = 4; lastKnownFileType = sourcecode.c.objc; path = JRSwizzle.m; sourceTree = "<group>"; };
		A4311C691652DF5D00683849 /* README.markdown */ = {isa = PBXFileReference; fileEncoding = 4; lastKnownFileType = text; path = README.markdown; sourceTree = "<group>"; };
		A4D5AF7B1652CA3300FABD5D /* en */ = {isa = PBXFileReference; lastKnownFileType = text.plist.strings; name = en; path = "Demo-OSX/en.lproj/InfoPlist.strings"; sourceTree = SOURCE_ROOT; };
		A4D5AF7D1652CA3300FABD5D /* en */ = {isa = PBXFileReference; lastKnownFileType = file.xib; name = en; path = "Demo-OSX/en.lproj/MainMenu.xib"; sourceTree = SOURCE_ROOT; };
		A4D5AF7F1652CA3300FABD5D /* en */ = {isa = PBXFileReference; lastKnownFileType = file.xib; name = en; path = "Demo-OSX/en.lproj/PWDocument.xib"; sourceTree = SOURCE_ROOT; };
		BCE2B33E19DEA63E00621691 /* NSView+PWExtensions.h */ = {isa = PBXFileReference; fileEncoding = 4; lastKnownFileType = sourcecode.c.h; path = "NSView+PWExtensions.h"; sourceTree = "<group>"; };
		BCE2B33F19DEA63E00621691 /* PWView+PWExtensions.h */ = {isa = PBXFileReference; fileEncoding = 4; lastKnownFileType = sourcecode.c.h; path = "PWView+PWExtensions.h"; sourceTree = "<group>"; };
		BCE2B34019DEA63E00621691 /* NSLayoutConstraint+PWExtensions.h */ = {isa = PBXFileReference; fileEncoding = 4; lastKnownFileType = sourcecode.c.h; path = "NSLayoutConstraint+PWExtensions.h"; sourceTree = "<group>"; };
		BCE2B34119DEA63E00621691 /* NSLayoutConstraint+PWExtensions.m */ = {isa = PBXFileReference; fileEncoding = 4; lastKnownFileType = sourcecode.c.objc; path = "NSLayoutConstraint+PWExtensions.m"; sourceTree = "<group>"; };
		BCE2B34219DEA63E00621691 /* PWView+PWExtensions.m */ = {isa = PBXFileReference; fileEncoding = 4; lastKnownFileType = sourcecode.c.objc; path = "PWView+PWExtensions.m"; sourceTree = "<group>"; };
		BCE2B34319DEA63E00621691 /* UIView+PWExtensions.h */ = {isa = PBXFileReference; fileEncoding = 4; lastKnownFileType = sourcecode.c.h; path = "UIView+PWExtensions.h"; sourceTree = "<group>"; };
/* End PBXFileReference section */

/* Begin PBXFrameworksBuildPhase section */
		0187D72216483DF1000FEB56 /* Frameworks */ = {
			isa = PBXFrameworksBuildPhase;
			buildActionMask = 2147483647;
			files = (
				0187D72A16483DF1000FEB56 /* Cocoa.framework in Frameworks */,
			);
			runOnlyForDeploymentPostprocessing = 0;
		};
/* End PBXFrameworksBuildPhase section */

/* Begin PBXGroup section */
		0187D71A16483DF1000FEB56 = {
			isa = PBXGroup;
			children = (
				A416E9C51652A02E003AE9FD /* Demo-OSX */,
				A4311C651652DF5D00683849 /* JRSwizzle */,
				A4311C6A1652DF5D00683849 /* PWAutoLayout */,
				0187D72816483DF1000FEB56 /* Frameworks */,
				0187D72616483DF1000FEB56 /* Products */,
			);
			sourceTree = "<group>";
		};
		0187D72616483DF1000FEB56 /* Products */ = {
			isa = PBXGroup;
			children = (
				0187D72516483DF1000FEB56 /* AutolayoutExtensions.app */,
			);
			name = Products;
			sourceTree = "<group>";
		};
		0187D72816483DF1000FEB56 /* Frameworks */ = {
			isa = PBXGroup;
			children = (
				0187D72916483DF1000FEB56 /* Cocoa.framework */,
				0187D72B16483DF1000FEB56 /* Other Frameworks */,
			);
			name = Frameworks;
			sourceTree = "<group>";
		};
		0187D72B16483DF1000FEB56 /* Other Frameworks */ = {
			isa = PBXGroup;
			children = (
				0187D72C16483DF1000FEB56 /* AppKit.framework */,
				0187D72D16483DF1000FEB56 /* CoreData.framework */,
				0187D72E16483DF1000FEB56 /* Foundation.framework */,
			);
			name = "Other Frameworks";
			sourceTree = "<group>";
		};
		0187D73016483DF1000FEB56 /* Supporting Files */ = {
			isa = PBXGroup;
			children = (
				A416E9CB1652A2BA003AE9FD /* main.m */,
				0187D73116483DF1000FEB56 /* AutolayoutExtensions-Info.plist */,
				0187D73716483DF1000FEB56 /* AutolayoutExtensions-Prefix.pch */,
			);
			name = "Supporting Files";
			sourceTree = "<group>";
		};
		A416E9C51652A02E003AE9FD /* Demo-OSX */ = {
			isa = PBXGroup;
			children = (
				0187D73B16483DF1000FEB56 /* PWDocument.h */,
				0187D73C16483DF1000FEB56 /* PWDocument.m */,
				A4D5AF7E1652CA3300FABD5D /* PWDocument.xib */,
				A4D5AF7A1652CA3300FABD5D /* InfoPlist.strings */,
				A4D5AF7C1652CA3300FABD5D /* MainMenu.xib */,
				0187D73016483DF1000FEB56 /* Supporting Files */,
			);
			path = "Demo-OSX";
			sourceTree = "<group>";
		};
		A4311C651652DF5D00683849 /* JRSwizzle */ = {
			isa = PBXGroup;
			children = (
				A4311C661652DF5D00683849 /* Find original here.webloc */,
				A4311C671652DF5D00683849 /* JRSwizzle.h */,
				A4311C681652DF5D00683849 /* JRSwizzle.m */,
				A4311C691652DF5D00683849 /* README.markdown */,
			);
			name = JRSwizzle;
			path = ../JRSwizzle;
			sourceTree = "<group>";
		};
		A4311C6A1652DF5D00683849 /* PWAutoLayout */ = {
			isa = PBXGroup;
			children = (
				BCE2B33E19DEA63E00621691 /* NSView+PWExtensions.h */,
				BCE2B33F19DEA63E00621691 /* PWView+PWExtensions.h */,
				BCE2B34019DEA63E00621691 /* NSLayoutConstraint+PWExtensions.h */,
				BCE2B34119DEA63E00621691 /* NSLayoutConstraint+PWExtensions.m */,
				BCE2B34219DEA63E00621691 /* PWView+PWExtensions.m */,
				BCE2B34319DEA63E00621691 /* UIView+PWExtensions.h */,
			);
			name = PWAutoLayout;
			path = ../PWAutoLayout;
			sourceTree = "<group>";
		};
/* End PBXGroup section */

/* Begin PBXNativeTarget section */
		0187D72416483DF1000FEB56 /* AutolayoutExtensions */ = {
			isa = PBXNativeTarget;
			buildConfigurationList = 0187D74616483DF1000FEB56 /* Build configuration list for PBXNativeTarget "AutolayoutExtensions" */;
			buildPhases = (
				0187D72116483DF1000FEB56 /* Sources */,
				0187D72216483DF1000FEB56 /* Frameworks */,
				0187D72316483DF1000FEB56 /* Resources */,
			);
			buildRules = (
			);
			dependencies = (
			);
			name = AutolayoutExtensions;
			productName = Autolayout;
			productReference = 0187D72516483DF1000FEB56 /* AutolayoutExtensions.app */;
			productType = "com.apple.product-type.application";
		};
/* End PBXNativeTarget section */

/* Begin PBXProject section */
		0187D71C16483DF1000FEB56 /* Project object */ = {
			isa = PBXProject;
			attributes = {
				CLASSPREFIX = PW;
				LastUpgradeCheck = 0600;
				ORGANIZATIONNAME = "Frank Illenberger";
			};
			buildConfigurationList = 0187D71F16483DF1000FEB56 /* Build configuration list for PBXProject "Demo-OSX" */;
			compatibilityVersion = "Xcode 3.2";
			developmentRegion = English;
			hasScannedForEncodings = 0;
			knownRegions = (
				en,
			);
			mainGroup = 0187D71A16483DF1000FEB56;
			productRefGroup = 0187D72616483DF1000FEB56 /* Products */;
			projectDirPath = "";
			projectRoot = "";
			targets = (
				0187D72416483DF1000FEB56 /* AutolayoutExtensions */,
			);
		};
/* End PBXProject section */

/* Begin PBXResourcesBuildPhase section */
		0187D72316483DF1000FEB56 /* Resources */ = {
			isa = PBXResourcesBuildPhase;
			buildActionMask = 2147483647;
			files = (
				A4D5AF801652CA3300FABD5D /* InfoPlist.strings in Resources */,
				A4D5AF811652CA3300FABD5D /* MainMenu.xib in Resources */,
				A4D5AF821652CA3300FABD5D /* PWDocument.xib in Resources */,
				A4311C711652DF5D00683849 /* Find original here.webloc in Resources */,
				A4311C731652DF5D00683849 /* README.markdown in Resources */,
			);
			runOnlyForDeploymentPostprocessing = 0;
		};
/* End PBXResourcesBuildPhase section */

/* Begin PBXSourcesBuildPhase section */
		0187D72116483DF1000FEB56 /* Sources */ = {
			isa = PBXSourcesBuildPhase;
			buildActionMask = 2147483647;
			files = (
				0187D73D16483DF1000FEB56 /* PWDocument.m in Sources */,
				BCE2B34519DEA63E00621691 /* PWView+PWExtensions.m in Sources */,
				A416E9CC1652A2BA003AE9FD /* main.m in Sources */,
				BCE2B34419DEA63E00621691 /* NSLayoutConstraint+PWExtensions.m in Sources */,
				A4311C721652DF5D00683849 /* JRSwizzle.m in Sources */,
			);
			runOnlyForDeploymentPostprocessing = 0;
		};
/* End PBXSourcesBuildPhase section */

/* Begin PBXVariantGroup section */
		A4D5AF7A1652CA3300FABD5D /* InfoPlist.strings */ = {
			isa = PBXVariantGroup;
			children = (
				A4D5AF7B1652CA3300FABD5D /* en */,
			);
			name = InfoPlist.strings;
			sourceTree = "<group>";
		};
		A4D5AF7C1652CA3300FABD5D /* MainMenu.xib */ = {
			isa = PBXVariantGroup;
			children = (
				A4D5AF7D1652CA3300FABD5D /* en */,
			);
			name = MainMenu.xib;
			sourceTree = "<group>";
		};
		A4D5AF7E1652CA3300FABD5D /* PWDocument.xib */ = {
			isa = PBXVariantGroup;
			children = (
				A4D5AF7F1652CA3300FABD5D /* en */,
			);
			name = PWDocument.xib;
			sourceTree = "<group>";
		};
/* End PBXVariantGroup section */

/* Begin XCBuildConfiguration section */
		0187D74416483DF1000FEB56 /* Debug */ = {
			isa = XCBuildConfiguration;
			buildSettings = {
				ALWAYS_SEARCH_USER_PATHS = NO;
				CLANG_CXX_LANGUAGE_STANDARD = "gnu++0x";
				CLANG_ENABLE_OBJC_ARC = YES;
				CLANG_WARN__DUPLICATE_METHOD_MATCH = YES;
				COPY_PHASE_STRIP = NO;
				GCC_C_LANGUAGE_STANDARD = gnu99;
				GCC_DYNAMIC_NO_PIC = NO;
				GCC_ENABLE_OBJC_EXCEPTIONS = YES;
				GCC_OPTIMIZATION_LEVEL = 0;
				GCC_PREPROCESSOR_DEFINITIONS = (
					"DEBUG=1",
					"$(inherited)",
				);
				GCC_SYMBOLS_PRIVATE_EXTERN = NO;
				GCC_WARN_64_TO_32_BIT_CONVERSION = YES;
				GCC_WARN_ABOUT_RETURN_TYPE = YES;
				GCC_WARN_UNINITIALIZED_AUTOS = YES;
				GCC_WARN_UNUSED_VARIABLE = YES;
				MACOSX_DEPLOYMENT_TARGET = 10.7;
				ONLY_ACTIVE_ARCH = YES;
				SDKROOT = macosx;
			};
			name = Debug;
		};
		0187D74516483DF1000FEB56 /* Release */ = {
			isa = XCBuildConfiguration;
			buildSettings = {
				ALWAYS_SEARCH_USER_PATHS = NO;
				CLANG_CXX_LANGUAGE_STANDARD = "gnu++0x";
				CLANG_ENABLE_OBJC_ARC = YES;
				CLANG_WARN__DUPLICATE_METHOD_MATCH = YES;
				COPY_PHASE_STRIP = YES;
				DEBUG_INFORMATION_FORMAT = "dwarf-with-dsym";
				GCC_C_LANGUAGE_STANDARD = gnu99;
				GCC_ENABLE_OBJC_EXCEPTIONS = YES;
				GCC_WARN_64_TO_32_BIT_CONVERSION = YES;
				GCC_WARN_ABOUT_RETURN_TYPE = YES;
				GCC_WARN_UNINITIALIZED_AUTOS = YES;
				GCC_WARN_UNUSED_VARIABLE = YES;
				MACOSX_DEPLOYMENT_TARGET = 10.7;
				SDKROOT = macosx;
			};
			name = Release;
		};
		0187D74716483DF1000FEB56 /* Debug */ = {
			isa = XCBuildConfiguration;
			buildSettings = {
				COMBINE_HIDPI_IMAGES = YES;
				GCC_PRECOMPILE_PREFIX_HEADER = YES;
				GCC_PREFIX_HEADER = "Demo-OSX/AutolayoutExtensions-Prefix.pch";
				INFOPLIST_FILE = "Demo-OSX/AutolayoutExtensions-Info.plist";
				PRODUCT_NAME = AutolayoutExtensions;
				WRAPPER_EXTENSION = app;
			};
			name = Debug;
		};
		0187D74816483DF1000FEB56 /* Release */ = {
			isa = XCBuildConfiguration;
			buildSettings = {
				COMBINE_HIDPI_IMAGES = YES;
				GCC_PRECOMPILE_PREFIX_HEADER = YES;
				GCC_PREFIX_HEADER = "Demo-OSX/AutolayoutExtensions-Prefix.pch";
				INFOPLIST_FILE = "Demo-OSX/AutolayoutExtensions-Info.plist";
				PRODUCT_NAME = AutolayoutExtensions;
				WRAPPER_EXTENSION = app;
			};
			name = Release;
		};
/* End XCBuildConfiguration section */

/* Begin XCConfigurationList section */
		0187D71F16483DF1000FEB56 /* Build configuration list for PBXProject "Demo-OSX" */ = {
			isa = XCConfigurationList;
			buildConfigurations = (
				0187D74416483DF1000FEB56 /* Debug */,
				0187D74516483DF1000FEB56 /* Release */,
			);
			defaultConfigurationIsVisible = 0;
			defaultConfigurationName = Release;
		};
		0187D74616483DF1000FEB56 /* Build configuration list for PBXNativeTarget "AutolayoutExtensions" */ = {
			isa = XCConfigurationList;
			buildConfigurations = (
				0187D74716483DF1000FEB56 /* Debug */,
				0187D74816483DF1000FEB56 /* Release */,
			);
			defaultConfigurationIsVisible = 0;
			defaultConfigurationName = Release;
		};
/* End XCConfigurationList section */
	};
	rootObject = 0187D71C16483DF1000FEB56 /* Project object */;
}
