// !$*UTF8*$!
{
	archiveVersion = 1;
	classes = {
	};
	objectVersion = 46;
	objects = {

/* Begin PBXBuildFile section */
		0187D72A16483DF1000FEB56 /* Cocoa.framework in Frameworks */ = {isa = PBXBuildFile; fileRef = 0187D72916483DF1000FEB56 /* Cocoa.framework */; };
		0187D73416483DF1000FEB56 /* InfoPlist.strings in Resources */ = {isa = PBXBuildFile; fileRef = 0187D73216483DF1000FEB56 /* InfoPlist.strings */; };
		0187D73616483DF1000FEB56 /* main.m in Sources */ = {isa = PBXBuildFile; fileRef = 0187D73516483DF1000FEB56 /* main.m */; };
		0187D73D16483DF1000FEB56 /* PWDocument.m in Sources */ = {isa = PBXBuildFile; fileRef = 0187D73C16483DF1000FEB56 /* PWDocument.m */; };
		0187D74016483DF1000FEB56 /* PWDocument.xib in Resources */ = {isa = PBXBuildFile; fileRef = 0187D73E16483DF1000FEB56 /* PWDocument.xib */; };
		0187D74316483DF1000FEB56 /* MainMenu.xib in Resources */ = {isa = PBXBuildFile; fileRef = 0187D74116483DF1000FEB56 /* MainMenu.xib */; };
		0187D74B16483E30000FEB56 /* NSView-PWExtensions.m in Sources */ = {isa = PBXBuildFile; fileRef = 0187D74A16483E30000FEB56 /* NSView-PWExtensions.m */; };
		0187D74E16483E3A000FEB56 /* NSLayoutConstraint-PWExtensions.m in Sources */ = {isa = PBXBuildFile; fileRef = 0187D74D16483E3A000FEB56 /* NSLayoutConstraint-PWExtensions.m */; };
		0187D75116483E79000FEB56 /* NSObject-PWExtensions.m in Sources */ = {isa = PBXBuildFile; fileRef = 0187D75016483E79000FEB56 /* NSObject-PWExtensions.m */; };
/* End PBXBuildFile section */

/* Begin PBXFileReference section */
		0187D72516483DF1000FEB56 /* AutolayoutExtensions.app */ = {isa = PBXFileReference; explicitFileType = wrapper.application; includeInIndex = 0; path = AutolayoutExtensions.app; sourceTree = BUILT_PRODUCTS_DIR; };
		0187D72916483DF1000FEB56 /* Cocoa.framework */ = {isa = PBXFileReference; lastKnownFileType = wrapper.framework; name = Cocoa.framework; path = System/Library/Frameworks/Cocoa.framework; sourceTree = SDKROOT; };
		0187D72C16483DF1000FEB56 /* AppKit.framework */ = {isa = PBXFileReference; lastKnownFileType = wrapper.framework; name = AppKit.framework; path = System/Library/Frameworks/AppKit.framework; sourceTree = SDKROOT; };
		0187D72D16483DF1000FEB56 /* CoreData.framework */ = {isa = PBXFileReference; lastKnownFileType = wrapper.framework; name = CoreData.framework; path = System/Library/Frameworks/CoreData.framework; sourceTree = SDKROOT; };
		0187D72E16483DF1000FEB56 /* Foundation.framework */ = {isa = PBXFileReference; lastKnownFileType = wrapper.framework; name = Foundation.framework; path = System/Library/Frameworks/Foundation.framework; sourceTree = SDKROOT; };
		0187D73116483DF1000FEB56 /* AutolayoutExtensions-Info.plist */ = {isa = PBXFileReference; lastKnownFileType = text.plist.xml; path = "AutolayoutExtensions-Info.plist"; sourceTree = "<group>"; };
		0187D73316483DF1000FEB56 /* en */ = {isa = PBXFileReference; lastKnownFileType = text.plist.strings; name = en; path = en.lproj/InfoPlist.strings; sourceTree = "<group>"; };
		0187D73516483DF1000FEB56 /* main.m */ = {isa = PBXFileReference; lastKnownFileType = sourcecode.c.objc; path = main.m; sourceTree = "<group>"; };
		0187D73716483DF1000FEB56 /* AutolayoutExtensions-Prefix.pch */ = {isa = PBXFileReference; lastKnownFileType = sourcecode.c.h; path = "AutolayoutExtensions-Prefix.pch"; sourceTree = "<group>"; };
		0187D73B16483DF1000FEB56 /* PWDocument.h */ = {isa = PBXFileReference; lastKnownFileType = sourcecode.c.h; path = PWDocument.h; sourceTree = "<group>"; };
		0187D73C16483DF1000FEB56 /* PWDocument.m */ = {isa = PBXFileReference; lastKnownFileType = sourcecode.c.objc; path = PWDocument.m; sourceTree = "<group>"; };
		0187D73F16483DF1000FEB56 /* en */ = {isa = PBXFileReference; lastKnownFileType = file.xib; name = en; path = en.lproj/PWDocument.xib; sourceTree = "<group>"; };
		0187D74216483DF1000FEB56 /* en */ = {isa = PBXFileReference; lastKnownFileType = file.xib; name = en; path = en.lproj/MainMenu.xib; sourceTree = "<group>"; };
		0187D74916483E30000FEB56 /* NSView-PWExtensions.h */ = {isa = PBXFileReference; fileEncoding = 4; lastKnownFileType = sourcecode.c.h; path = "NSView-PWExtensions.h"; sourceTree = "<group>"; };
		0187D74A16483E30000FEB56 /* NSView-PWExtensions.m */ = {isa = PBXFileReference; fileEncoding = 4; lastKnownFileType = sourcecode.c.objc; path = "NSView-PWExtensions.m"; sourceTree = "<group>"; };
		0187D74C16483E3A000FEB56 /* NSLayoutConstraint-PWExtensions.h */ = {isa = PBXFileReference; fileEncoding = 4; lastKnownFileType = sourcecode.c.h; path = "NSLayoutConstraint-PWExtensions.h"; sourceTree = "<group>"; };
		0187D74D16483E3A000FEB56 /* NSLayoutConstraint-PWExtensions.m */ = {isa = PBXFileReference; fileEncoding = 4; lastKnownFileType = sourcecode.c.objc; path = "NSLayoutConstraint-PWExtensions.m"; sourceTree = "<group>"; };
		0187D74F16483E79000FEB56 /* NSObject-PWExtensions.h */ = {isa = PBXFileReference; fileEncoding = 4; lastKnownFileType = sourcecode.c.h; path = "NSObject-PWExtensions.h"; sourceTree = "<group>"; };
		0187D75016483E79000FEB56 /* NSObject-PWExtensions.m */ = {isa = PBXFileReference; fileEncoding = 4; lastKnownFileType = sourcecode.c.objc; path = "NSObject-PWExtensions.m"; sourceTree = "<group>"; };
/* End PBXFileReference section */

/* Begin PBXFrameworksBuildPhase section */
		0187D72216483DF1000FEB56 /* Frameworks */ = {
			isa = PBXFrameworksBuildPhase;
			buildActionMask = 2147483647;
			files = (
				0187D72A16483DF1000FEB56 /* Cocoa.framework in Frameworks */,
			);
			runOnlyForDeploymentPostprocessing = 0;
		};
/* End PBXFrameworksBuildPhase section */

/* Begin PBXGroup section */
		0187D71A16483DF1000FEB56 = {
			isa = PBXGroup;
			children = (
				0187D72F16483DF1000FEB56 /* Autolayout */,
				0187D72816483DF1000FEB56 /* Frameworks */,
				0187D72616483DF1000FEB56 /* Products */,
			);
			sourceTree = "<group>";
		};
		0187D72616483DF1000FEB56 /* Products */ = {
			isa = PBXGroup;
			children = (
				0187D72516483DF1000FEB56 /* AutolayoutExtensions.app */,
			);
			name = Products;
			sourceTree = "<group>";
		};
		0187D72816483DF1000FEB56 /* Frameworks */ = {
			isa = PBXGroup;
			children = (
				0187D72916483DF1000FEB56 /* Cocoa.framework */,
				0187D72B16483DF1000FEB56 /* Other Frameworks */,
			);
			name = Frameworks;
			sourceTree = "<group>";
		};
		0187D72B16483DF1000FEB56 /* Other Frameworks */ = {
			isa = PBXGroup;
			children = (
				0187D72C16483DF1000FEB56 /* AppKit.framework */,
				0187D72D16483DF1000FEB56 /* CoreData.framework */,
				0187D72E16483DF1000FEB56 /* Foundation.framework */,
			);
			name = "Other Frameworks";
			sourceTree = "<group>";
		};
		0187D72F16483DF1000FEB56 /* Autolayout */ = {
			isa = PBXGroup;
			children = (
				0187D74116483DF1000FEB56 /* MainMenu.xib */,
				0187D73B16483DF1000FEB56 /* PWDocument.h */,
				0187D73C16483DF1000FEB56 /* PWDocument.m */,
				0187D73E16483DF1000FEB56 /* PWDocument.xib */,
				0187D74F16483E79000FEB56 /* NSObject-PWExtensions.h */,
				0187D75016483E79000FEB56 /* NSObject-PWExtensions.m */,
				0187D74916483E30000FEB56 /* NSView-PWExtensions.h */,
				0187D74A16483E30000FEB56 /* NSView-PWExtensions.m */,
				0187D74C16483E3A000FEB56 /* NSLayoutConstraint-PWExtensions.h */,
				0187D74D16483E3A000FEB56 /* NSLayoutConstraint-PWExtensions.m */,
				0187D73016483DF1000FEB56 /* Supporting Files */,
			);
			path = Autolayout;
			sourceTree = "<group>";
		};
		0187D73016483DF1000FEB56 /* Supporting Files */ = {
			isa = PBXGroup;
			children = (
				0187D73116483DF1000FEB56 /* AutolayoutExtensions-Info.plist */,
				0187D73216483DF1000FEB56 /* InfoPlist.strings */,
				0187D73516483DF1000FEB56 /* main.m */,
				0187D73716483DF1000FEB56 /* AutolayoutExtensions-Prefix.pch */,
			);
			name = "Supporting Files";
			sourceTree = "<group>";
		};
/* End PBXGroup section */

/* Begin PBXNativeTarget section */
		0187D72416483DF1000FEB56 /* AutolayoutExtensions */ = {
			isa = PBXNativeTarget;
			buildConfigurationList = 0187D74616483DF1000FEB56 /* Build configuration list for PBXNativeTarget "AutolayoutExtensions" */;
			buildPhases = (
				0187D72116483DF1000FEB56 /* Sources */,
				0187D72216483DF1000FEB56 /* Frameworks */,
				0187D72316483DF1000FEB56 /* Resources */,
			);
			buildRules = (
			);
			dependencies = (
			);
			name = AutolayoutExtensions;
			productName = Autolayout;
			productReference = 0187D72516483DF1000FEB56 /* AutolayoutExtensions.app */;
			productType = "com.apple.product-type.application";
		};
/* End PBXNativeTarget section */

/* Begin PBXProject section */
		0187D71C16483DF1000FEB56 /* Project object */ = {
			isa = PBXProject;
			attributes = {
				CLASSPREFIX = PW;
				LastUpgradeCheck = 0450;
				ORGANIZATIONNAME = "Frank Illenberger";
			};
			buildConfigurationList = 0187D71F16483DF1000FEB56 /* Build configuration list for PBXProject "AutolayoutExtensions" */;
			compatibilityVersion = "Xcode 3.2";
			developmentRegion = English;
			hasScannedForEncodings = 0;
			knownRegions = (
				en,
			);
			mainGroup = 0187D71A16483DF1000FEB56;
			productRefGroup = 0187D72616483DF1000FEB56 /* Products */;
			projectDirPath = "";
			projectRoot = "";
			targets = (
				0187D72416483DF1000FEB56 /* AutolayoutExtensions */,
			);
		};
/* End PBXProject section */

/* Begin PBXResourcesBuildPhase section */
		0187D72316483DF1000FEB56 /* Resources */ = {
			isa = PBXResourcesBuildPhase;
			buildActionMask = 2147483647;
			files = (
				0187D73416483DF1000FEB56 /* InfoPlist.strings in Resources */,
				0187D74016483DF1000FEB56 /* PWDocument.xib in Resources */,
				0187D74316483DF1000FEB56 /* MainMenu.xib in Resources */,
			);
			runOnlyForDeploymentPostprocessing = 0;
		};
/* End PBXResourcesBuildPhase section */

/* Begin PBXSourcesBuildPhase section */
		0187D72116483DF1000FEB56 /* Sources */ = {
			isa = PBXSourcesBuildPhase;
			buildActionMask = 2147483647;
			files = (
				0187D73616483DF1000FEB56 /* main.m in Sources */,
				0187D73D16483DF1000FEB56 /* PWDocument.m in Sources */,
				0187D74B16483E30000FEB56 /* NSView-PWExtensions.m in Sources */,
				0187D74E16483E3A000FEB56 /* NSLayoutConstraint-PWExtensions.m in Sources */,
				0187D75116483E79000FEB56 /* NSObject-PWExtensions.m in Sources */,
			);
			runOnlyForDeploymentPostprocessing = 0;
		};
/* End PBXSourcesBuildPhase section */

/* Begin PBXVariantGroup section */
		0187D73216483DF1000FEB56 /* InfoPlist.strings */ = {
			isa = PBXVariantGroup;
			children = (
				0187D73316483DF1000FEB56 /* en */,
			);
			name = InfoPlist.strings;
			sourceTree = "<group>";
		};
		0187D73E16483DF1000FEB56 /* PWDocument.xib */ = {
			isa = PBXVariantGroup;
			children = (
				0187D73F16483DF1000FEB56 /* en */,
			);
			name = PWDocument.xib;
			sourceTree = "<group>";
		};
		0187D74116483DF1000FEB56 /* MainMenu.xib */ = {
			isa = PBXVariantGroup;
			children = (
				0187D74216483DF1000FEB56 /* en */,
			);
			name = MainMenu.xib;
			sourceTree = "<group>";
		};
/* End PBXVariantGroup section */

/* Begin XCBuildConfiguration section */
		0187D74416483DF1000FEB56 /* Debug */ = {
			isa = XCBuildConfiguration;
			buildSettings = {
				ALWAYS_SEARCH_USER_PATHS = NO;
				ARCHS = "$(ARCHS_STANDARD_64_BIT)";
				CLANG_CXX_LANGUAGE_STANDARD = "gnu++0x";
				CLANG_ENABLE_OBJC_ARC = YES;
				CLANG_WARN__DUPLICATE_METHOD_MATCH = YES;
				COPY_PHASE_STRIP = NO;
				GCC_C_LANGUAGE_STANDARD = gnu99;
				GCC_DYNAMIC_NO_PIC = NO;
				GCC_ENABLE_OBJC_EXCEPTIONS = YES;
				GCC_OPTIMIZATION_LEVEL = 0;
				GCC_PREPROCESSOR_DEFINITIONS = (
					"DEBUG=1",
					"$(inherited)",
				);
				GCC_SYMBOLS_PRIVATE_EXTERN = NO;
				GCC_WARN_64_TO_32_BIT_CONVERSION = YES;
				GCC_WARN_ABOUT_RETURN_TYPE = YES;
				GCC_WARN_UNINITIALIZED_AUTOS = YES;
				GCC_WARN_UNUSED_VARIABLE = YES;
				MACOSX_DEPLOYMENT_TARGET = 10.8;
				ONLY_ACTIVE_ARCH = YES;
				SDKROOT = macosx;
			};
			name = Debug;
		};
		0187D74516483DF1000FEB56 /* Release */ = {
			isa = XCBuildConfiguration;
			buildSettings = {
				ALWAYS_SEARCH_USER_PATHS = NO;
				ARCHS = "$(ARCHS_STANDARD_64_BIT)";
				CLANG_CXX_LANGUAGE_STANDARD = "gnu++0x";
				CLANG_ENABLE_OBJC_ARC = YES;
				CLANG_WARN__DUPLICATE_METHOD_MATCH = YES;
				COPY_PHASE_STRIP = YES;
				DEBUG_INFORMATION_FORMAT = "dwarf-with-dsym";
				GCC_C_LANGUAGE_STANDARD = gnu99;
				GCC_ENABLE_OBJC_EXCEPTIONS = YES;
				GCC_WARN_64_TO_32_BIT_CONVERSION = YES;
				GCC_WARN_ABOUT_RETURN_TYPE = YES;
				GCC_WARN_UNINITIALIZED_AUTOS = YES;
				GCC_WARN_UNUSED_VARIABLE = YES;
				MACOSX_DEPLOYMENT_TARGET = 10.8;
				SDKROOT = macosx;
			};
			name = Release;
		};
		0187D74716483DF1000FEB56 /* Debug */ = {
			isa = XCBuildConfiguration;
			buildSettings = {
				COMBINE_HIDPI_IMAGES = YES;
				GCC_PRECOMPILE_PREFIX_HEADER = YES;
				GCC_PREFIX_HEADER = "Autolayout/AutolayoutExtensions-Prefix.pch";
				INFOPLIST_FILE = "Autolayout/AutolayoutExtensions-Info.plist";
				PRODUCT_NAME = AutolayoutExtensions;
				WRAPPER_EXTENSION = app;
			};
			name = Debug;
		};
		0187D74816483DF1000FEB56 /* Release */ = {
			isa = XCBuildConfiguration;
			buildSettings = {
				COMBINE_HIDPI_IMAGES = YES;
				GCC_PRECOMPILE_PREFIX_HEADER = YES;
				GCC_PREFIX_HEADER = "Autolayout/AutolayoutExtensions-Prefix.pch";
				INFOPLIST_FILE = "Autolayout/AutolayoutExtensions-Info.plist";
				PRODUCT_NAME = AutolayoutExtensions;
				WRAPPER_EXTENSION = app;
			};
			name = Release;
		};
/* End XCBuildConfiguration section */

/* Begin XCConfigurationList section */
		0187D71F16483DF1000FEB56 /* Build configuration list for PBXProject "AutolayoutExtensions" */ = {
			isa = XCConfigurationList;
			buildConfigurations = (
				0187D74416483DF1000FEB56 /* Debug */,
				0187D74516483DF1000FEB56 /* Release */,
			);
			defaultConfigurationIsVisible = 0;
			defaultConfigurationName = Release;
		};
		0187D74616483DF1000FEB56 /* Build configuration list for PBXNativeTarget "AutolayoutExtensions" */ = {
			isa = XCConfigurationList;
			buildConfigurations = (
				0187D74716483DF1000FEB56 /* Debug */,
				0187D74816483DF1000FEB56 /* Release */,
			);
			defaultConfigurationIsVisible = 0;
			defaultConfigurationName = Release;
		};
/* End XCConfigurationList section */
	};
	rootObject = 0187D71C16483DF1000FEB56 /* Project object */;
}
